
Microsoft Visual Studio Solution File, Format Version 12.00
# Visual Studio Version 17
VisualStudioVersion = 17.9.34723.18
MinimumVisualStudioVersion = 10.0.40219.1
Project("{9A19103F-16F7-4668-BE54-9A1E7A4F7556}") = "Neon.Web", "Neon.Web\Neon.Web.csproj", "{FF9C4949-D518-4E54-9EC0-7CFD9DDBD8D9}"
EndProject
Project("{9A19103F-16F7-4668-BE54-9A1E7A4F7556}") = "Neon.Domain", "Neon.Domain\Neon.Domain.csproj", "{0FFCB622-EC75-4216-BDBA-F6F520E0E376}"
EndProject
Project("{9A19103F-16F7-4668-BE54-9A1E7A4F7556}") = "Neon.Data", "Neon.Data\Neon.Data.csproj", "{40CB8FAB-D8BA-4EF7-98ED-0DC757DBF434}"
EndProject
Project("{9A19103F-16F7-4668-BE54-9A1E7A4F7556}") = "Neon.Application", "Neon.Application\Neon.Application.csproj", "{38F28988-81F9-4BE3-877D-04F93024CAE7}"
EndProject
Project("{FAE04EC0-301F-11D3-BF4B-00C04F79EFBC}") = "Neon.Infrastructure", "Neon.Infrastructure\Neon.Infrastructure.csproj", "{E20EB4D3-C70F-42AA-96A3-D49B05849E43}"
EndProject
Global
	GlobalSection(SolutionConfigurationPlatforms) = preSolution
		Debug|Any CPU = Debug|Any CPU
		Release|Any CPU = Release|Any CPU
	EndGlobalSection
	GlobalSection(ProjectConfigurationPlatforms) = postSolution
		{FF9C4949-D518-4E54-9EC0-7CFD9DDBD8D9}.Debug|Any CPU.ActiveCfg = Debug|Any CPU
		{FF9C4949-D518-4E54-9EC0-7CFD9DDBD8D9}.Debug|Any CPU.Build.0 = Debug|Any CPU
		{FF9C4949-D518-4E54-9EC0-7CFD9DDBD8D9}.Release|Any CPU.ActiveCfg = Release|Any CPU
		{FF9C4949-D518-4E54-9EC0-7CFD9DDBD8D9}.Release|Any CPU.Build.0 = Release|Any CPU
		{0FFCB622-EC75-4216-BDBA-F6F520E0E376}.Debug|Any CPU.ActiveCfg = Debug|Any CPU
		{0FFCB622-EC75-4216-BDBA-F6F520E0E376}.Debug|Any CPU.Build.0 = Debug|Any CPU
		{0FFCB622-EC75-4216-BDBA-F6F520E0E376}.Release|Any CPU.ActiveCfg = Release|Any CPU
		{0FFCB622-EC75-4216-BDBA-F6F520E0E376}.Release|Any CPU.Build.0 = Release|Any CPU
		{40CB8FAB-D8BA-4EF7-98ED-0DC757DBF434}.Debug|Any CPU.ActiveCfg = Debug|Any CPU
		{40CB8FAB-D8BA-4EF7-98ED-0DC757DBF434}.Debug|Any CPU.Build.0 = Debug|Any CPU
		{40CB8FAB-D8BA-4EF7-98ED-0DC757DBF434}.Release|Any CPU.ActiveCfg = Release|Any CPU
		{40CB8FAB-D8BA-4EF7-98ED-0DC757DBF434}.Release|Any CPU.Build.0 = Release|Any CPU
		{38F28988-81F9-4BE3-877D-04F93024CAE7}.Debug|Any CPU.ActiveCfg = Debug|Any CPU
		{38F28988-81F9-4BE3-877D-04F93024CAE7}.Debug|Any CPU.Build.0 = Debug|Any CPU
		{38F28988-81F9-4BE3-877D-04F93024CAE7}.Release|Any CPU.ActiveCfg = Release|Any CPU
		{38F28988-81F9-4BE3-877D-04F93024CAE7}.Release|Any CPU.Build.0 = Release|Any CPU
		{E20EB4D3-C70F-42AA-96A3-D49B05849E43}.Debug|Any CPU.ActiveCfg = Debug|Any CPU
		{E20EB4D3-C70F-42AA-96A3-D49B05849E43}.Debug|Any CPU.Build.0 = Debug|Any CPU
		{E20EB4D3-C70F-42AA-96A3-D49B05849E43}.Release|Any CPU.ActiveCfg = Release|Any CPU
		{E20EB4D3-C70F-42AA-96A3-D49B05849E43}.Release|Any CPU.Build.0 = Release|Any CPU
	EndGlobalSection
	GlobalSection(SolutionProperties) = preSolution
		HideSolutionNode = FALSE
	EndGlobalSection
	GlobalSection(ExtensibilityGlobals) = postSolution
		SolutionGuid = {6F5C69F1-4CE4-4BDD-BB93-9995EB7E1636}
	EndGlobalSection
EndGlobal
